
Microsoft Visual Studio Solution File, Format Version 12.00
# Visual Studio Version 17
VisualStudioVersion = 17.12.35527.113
MinimumVisualStudioVersion = 10.0.40219.1
Project("{2150E333-8FDC-42A3-9474-1A3956D46DE8}") = "Api", "Api", "{A9EA0A0B-7D6B-48EC-AA6C-FB9FE1DB858B}"
EndProject
Project("{2150E333-8FDC-42A3-9474-1A3956D46DE8}") = "Application", "Application", "{3603C4DA-945F-413F-9105-AB34A2EEE3F9}"
EndProject
Project("{2150E333-8FDC-42A3-9474-1A3956D46DE8}") = "Domain", "Domain", "{354553FB-E569-4AE7-981D-E51FD5D1F56C}"
EndProject
Project("{2150E333-8FDC-42A3-9474-1A3956D46DE8}") = "Infrastructure", "Infrastructure", "{0D759E17-DE7C-4192-8908-F802E12BE13D}"
EndProject
Project("{FAE04EC0-301F-11D3-BF4B-00C04F79EFBC}") = "LibraryManagement.Api", "LibraryManagement.Api\LibraryManagement.Api.csproj", "{38FB0F29-2515-4F49-B9D6-B7B5A6EBB233}"
EndProject
Project("{FAE04EC0-301F-11D3-BF4B-00C04F79EFBC}") = "LibraryManagement.Application", "LibraryManagement.Application\LibraryManagement.Application.csproj", "{D2B6CE08-F8D9-490F-801D-4989E4F83C6A}"
EndProject
Project("{FAE04EC0-301F-11D3-BF4B-00C04F79EFBC}") = "LibraryManagement.Domain", "LibraryManagement.Domain\LibraryManagement.Domain.csproj", "{D655D1D7-74D3-4A0F-A909-C995834EF5F9}"
EndProject
Project("{FAE04EC0-301F-11D3-BF4B-00C04F79EFBC}") = "LibraryManagement.Infrastucture", "Library_Management.Identity\LibraryManagement.Infrastucture.csproj", "{8C6BD752-2517-4713-9F23-6A421AE87756}"
EndProject
Global
	GlobalSection(SolutionConfigurationPlatforms) = preSolution
		Debug|Any CPU = Debug|Any CPU
		Release|Any CPU = Release|Any CPU
	EndGlobalSection
	GlobalSection(ProjectConfigurationPlatforms) = postSolution
		{38FB0F29-2515-4F49-B9D6-B7B5A6EBB233}.Debug|Any CPU.ActiveCfg = Debug|Any CPU
		{38FB0F29-2515-4F49-B9D6-B7B5A6EBB233}.Debug|Any CPU.Build.0 = Debug|Any CPU
		{38FB0F29-2515-4F49-B9D6-B7B5A6EBB233}.Release|Any CPU.ActiveCfg = Release|Any CPU
		{38FB0F29-2515-4F49-B9D6-B7B5A6EBB233}.Release|Any CPU.Build.0 = Release|Any CPU
		{D2B6CE08-F8D9-490F-801D-4989E4F83C6A}.Debug|Any CPU.ActiveCfg = Debug|Any CPU
		{D2B6CE08-F8D9-490F-801D-4989E4F83C6A}.Debug|Any CPU.Build.0 = Debug|Any CPU
		{D2B6CE08-F8D9-490F-801D-4989E4F83C6A}.Release|Any CPU.ActiveCfg = Release|Any CPU
		{D2B6CE08-F8D9-490F-801D-4989E4F83C6A}.Release|Any CPU.Build.0 = Release|Any CPU
		{D655D1D7-74D3-4A0F-A909-C995834EF5F9}.Debug|Any CPU.ActiveCfg = Debug|Any CPU
		{D655D1D7-74D3-4A0F-A909-C995834EF5F9}.Debug|Any CPU.Build.0 = Debug|Any CPU
		{D655D1D7-74D3-4A0F-A909-C995834EF5F9}.Release|Any CPU.ActiveCfg = Release|Any CPU
		{D655D1D7-74D3-4A0F-A909-C995834EF5F9}.Release|Any CPU.Build.0 = Release|Any CPU
		{8C6BD752-2517-4713-9F23-6A421AE87756}.Debug|Any CPU.ActiveCfg = Debug|Any CPU
		{8C6BD752-2517-4713-9F23-6A421AE87756}.Debug|Any CPU.Build.0 = Debug|Any CPU
		{8C6BD752-2517-4713-9F23-6A421AE87756}.Release|Any CPU.ActiveCfg = Release|Any CPU
		{8C6BD752-2517-4713-9F23-6A421AE87756}.Release|Any CPU.Build.0 = Release|Any CPU
	EndGlobalSection
	GlobalSection(SolutionProperties) = preSolution
		HideSolutionNode = FALSE
	EndGlobalSection
	GlobalSection(NestedProjects) = preSolution
		{38FB0F29-2515-4F49-B9D6-B7B5A6EBB233} = {A9EA0A0B-7D6B-48EC-AA6C-FB9FE1DB858B}
		{D2B6CE08-F8D9-490F-801D-4989E4F83C6A} = {3603C4DA-945F-413F-9105-AB34A2EEE3F9}
		{D655D1D7-74D3-4A0F-A909-C995834EF5F9} = {354553FB-E569-4AE7-981D-E51FD5D1F56C}
		{8C6BD752-2517-4713-9F23-6A421AE87756} = {0D759E17-DE7C-4192-8908-F802E12BE13D}
	EndGlobalSection
EndGlobal
